
Microsoft Visual Studio Solution File, Format Version 12.00
# Visual Studio Version 17
VisualStudioVersion = 17.1.32210.238
MinimumVisualStudioVersion = 10.0.40219.1
Project("{FAE04EC0-301F-11D3-BF4B-00C04F79EFBC}") = "Stopwatch", "Stopwatch.csproj", "{BC4548F3-A64F-47FA-A76E-F7D52877D6C5}"
EndProject
Global
	GlobalSection(SolutionConfigurationPlatforms) = preSolution
		Debug|Any CPU = Debug|Any CPU
		Release|Any CPU = Release|Any CPU
	EndGlobalSection
	GlobalSection(ProjectConfigurationPlatforms) = postSolution
		{BC4548F3-A64F-47FA-A76E-F7D52877D6C5}.Debug|Any CPU.ActiveCfg = Debug|Any CPU
		{BC4548F3-A64F-47FA-A76E-F7D52877D6C5}.Debug|Any CPU.Build.0 = Debug|Any CPU
		{BC4548F3-A64F-47FA-A76E-F7D52877D6C5}.Release|Any CPU.ActiveCfg = Release|Any CPU
		{BC4548F3-A64F-47FA-A76E-F7D52877D6C5}.Release|Any CPU.Build.0 = Release|Any CPU
	EndGlobalSection
	GlobalSection(SolutionProperties) = preSolution
		HideSolutionNode = FALSE
	EndGlobalSection
	GlobalSection(ExtensibilityGlobals) = postSolution
		SolutionGuid = {FA8CF6CB-544E-4FB2-8050-64CA3508EFCC}
	EndGlobalSection
EndGlobal
